
Microsoft Visual Studio Solution File, Format Version 12.00
# Visual Studio 15
Project("{FAE04EC0-301F-11D3-BF4B-00C04F79EFBC}") = "MidManStudio.Utilities", "MidManStudio.Utilities.csproj", "{4787055D-3001-DCB9-695E-DA6631E522A9}"
EndProject
Project("{FAE04EC0-301F-11D3-BF4B-00C04F79EFBC}") = "MidManStudio.Utilities.Editor", "MidManStudio.Utilities.Editor.csproj", "{6E3DF1B7-1C05-E76A-F52D-ABDA991229D8}"
EndProject
Project("{FAE04EC0-301F-11D3-BF4B-00C04F79EFBC}") = "MidManStudio.Utilities.Tests", "MidManStudio.Utilities.Tests.csproj", "{DE95755C-1BF2-1292-9C32-AB84A9DB8EEF}"
EndProject
Project("{FAE04EC0-301F-11D3-BF4B-00C04F79EFBC}") = "Assembly-CSharp", "Assembly-CSharp.csproj", "{31983F8B-66D7-6191-C007-A70B0DEA8AF3}"
EndProject
Global
	GlobalSection(SolutionConfigurationPlatforms) = preSolution
		Debug|Any CPU = Debug|Any CPU
		Release|Any CPU = Release|Any CPU
	EndGlobalSection
	GlobalSection(ProjectConfigurationPlatforms) = postSolution
		{4787055D-3001-DCB9-695E-DA6631E522A9}.Debug|Any CPU.ActiveCfg = Debug|Any CPU
		{4787055D-3001-DCB9-695E-DA6631E522A9}.Debug|Any CPU.Build.0 = Debug|Any CPU
		{4787055D-3001-DCB9-695E-DA6631E522A9}.Release|Any CPU.ActiveCfg = Release|Any CPU
		{4787055D-3001-DCB9-695E-DA6631E522A9}.Release|Any CPU.Build.0 = Release|Any CPU
		{6E3DF1B7-1C05-E76A-F52D-ABDA991229D8}.Debug|Any CPU.ActiveCfg = Debug|Any CPU
		{6E3DF1B7-1C05-E76A-F52D-ABDA991229D8}.Debug|Any CPU.Build.0 = Debug|Any CPU
		{6E3DF1B7-1C05-E76A-F52D-ABDA991229D8}.Release|Any CPU.ActiveCfg = Release|Any CPU
		{6E3DF1B7-1C05-E76A-F52D-ABDA991229D8}.Release|Any CPU.Build.0 = Release|Any CPU
		{DE95755C-1BF2-1292-9C32-AB84A9DB8EEF}.Debug|Any CPU.ActiveCfg = Debug|Any CPU
		{DE95755C-1BF2-1292-9C32-AB84A9DB8EEF}.Debug|Any CPU.Build.0 = Debug|Any CPU
		{DE95755C-1BF2-1292-9C32-AB84A9DB8EEF}.Release|Any CPU.ActiveCfg = Release|Any CPU
		{DE95755C-1BF2-1292-9C32-AB84A9DB8EEF}.Release|Any CPU.Build.0 = Release|Any CPU
		{31983F8B-66D7-6191-C007-A70B0DEA8AF3}.Debug|Any CPU.ActiveCfg = Debug|Any CPU
		{31983F8B-66D7-6191-C007-A70B0DEA8AF3}.Debug|Any CPU.Build.0 = Debug|Any CPU
		{31983F8B-66D7-6191-C007-A70B0DEA8AF3}.Release|Any CPU.ActiveCfg = Release|Any CPU
		{31983F8B-66D7-6191-C007-A70B0DEA8AF3}.Release|Any CPU.Build.0 = Release|Any CPU
	EndGlobalSection
	GlobalSection(SolutionProperties) = preSolution
		HideSolutionNode = FALSE
	EndGlobalSection
EndGlobal
